// !$*UTF8*$!
{
	archiveVersion = 1;
	classes = {
	};
	objectVersion = 56;
	objects = {

/* Begin PBXBuildFile section */
		1546A0182BDA0D720016C34C /* ToDoListAppApp.swift in Sources */ = {isa = PBXBuildFile; fileRef = 1546A0172BDA0D720016C34C /* ToDoListAppApp.swift */; };
		1546A01A2BDA0D720016C34C /* ContentView.swift in Sources */ = {isa = PBXBuildFile; fileRef = 1546A0192BDA0D720016C34C /* ContentView.swift */; };
		1546A01C2BDA0D760016C34C /* Assets.xcassets in Resources */ = {isa = PBXBuildFile; fileRef = 1546A01B2BDA0D760016C34C /* Assets.xcassets */; };
		1546A01F2BDA0D760016C34C /* Preview Assets.xcassets in Resources */ = {isa = PBXBuildFile; fileRef = 1546A01E2BDA0D760016C34C /* Preview Assets.xcassets */; };
		1546A0262BDA0DE90016C34C /* Task.swift in Sources */ = {isa = PBXBuildFile; fileRef = 1546A0252BDA0DE90016C34C /* Task.swift */; };
		1546A02A2BDA39BA0016C34C /* EditingTaskView.swift in Sources */ = {isa = PBXBuildFile; fileRef = 1546A0292BDA39BA0016C34C /* EditingTaskView.swift */; };
		1546A0302BDA455D0016C34C /* StrikethroughModifier.swift in Sources */ = {isa = PBXBuildFile; fileRef = 1546A02F2BDA455D0016C34C /* StrikethroughModifier.swift */; };
		1546A03A2BDB2C670016C34C /* WidgetKit.framework in Frameworks */ = {isa = PBXBuildFile; fileRef = 1546A0392BDB2C670016C34C /* WidgetKit.framework */; };
		1546A03C2BDB2C670016C34C /* SwiftUI.framework in Frameworks */ = {isa = PBXBuildFile; fileRef = 1546A03B2BDB2C670016C34C /* SwiftUI.framework */; };
		1546A03F2BDB2C670016C34C /* TodoWidgetBundle.swift in Sources */ = {isa = PBXBuildFile; fileRef = 1546A03E2BDB2C670016C34C /* TodoWidgetBundle.swift */; };
		1546A0412BDB2C670016C34C /* TodoWidget.swift in Sources */ = {isa = PBXBuildFile; fileRef = 1546A0402BDB2C670016C34C /* TodoWidget.swift */; };
		1546A0432BDB2C690016C34C /* Assets.xcassets in Resources */ = {isa = PBXBuildFile; fileRef = 1546A0422BDB2C690016C34C /* Assets.xcassets */; };
		1546A0472BDB2C690016C34C /* TodoWidgetExtension.appex in Embed Foundation Extensions */ = {isa = PBXBuildFile; fileRef = 1546A0372BDB2C670016C34C /* TodoWidgetExtension.appex */; settings = {ATTRIBUTES = (RemoveHeadersOnCopy, ); }; };
		1546A04C2BDB2CB90016C34C /* Task.swift in Sources */ = {isa = PBXBuildFile; fileRef = 1546A0252BDA0DE90016C34C /* Task.swift */; };
/* End PBXBuildFile section */

/* Begin PBXContainerItemProxy section */
		1546A0452BDB2C690016C34C /* PBXContainerItemProxy */ = {
			isa = PBXContainerItemProxy;
			containerPortal = 1546A00C2BDA0D720016C34C /* Project object */;
			proxyType = 1;
			remoteGlobalIDString = 1546A0362BDB2C670016C34C;
			remoteInfo = TodoWidgetExtension;
		};
/* End PBXContainerItemProxy section */

/* Begin PBXCopyFilesBuildPhase section */
		1546A0482BDB2C690016C34C /* Embed Foundation Extensions */ = {
			isa = PBXCopyFilesBuildPhase;
			buildActionMask = 2147483647;
			dstPath = "";
			dstSubfolderSpec = 13;
			files = (
				1546A0472BDB2C690016C34C /* TodoWidgetExtension.appex in Embed Foundation Extensions */,
			);
			name = "Embed Foundation Extensions";
			runOnlyForDeploymentPostprocessing = 0;
		};
/* End PBXCopyFilesBuildPhase section */

/* Begin PBXFileReference section */
		1546A0142BDA0D720016C34C /* ToDoListApp.app */ = {isa = PBXFileReference; explicitFileType = wrapper.application; includeInIndex = 0; path = ToDoListApp.app; sourceTree = BUILT_PRODUCTS_DIR; };
		1546A0172BDA0D720016C34C /* ToDoListAppApp.swift */ = {isa = PBXFileReference; lastKnownFileType = sourcecode.swift; path = ToDoListAppApp.swift; sourceTree = "<group>"; };
		1546A0192BDA0D720016C34C /* ContentView.swift */ = {isa = PBXFileReference; lastKnownFileType = sourcecode.swift; path = ContentView.swift; sourceTree = "<group>"; };
		1546A01B2BDA0D760016C34C /* Assets.xcassets */ = {isa = PBXFileReference; lastKnownFileType = folder.assetcatalog; path = Assets.xcassets; sourceTree = "<group>"; };
		1546A01E2BDA0D760016C34C /* Preview Assets.xcassets */ = {isa = PBXFileReference; lastKnownFileType = folder.assetcatalog; path = "Preview Assets.xcassets"; sourceTree = "<group>"; };
		1546A0252BDA0DE90016C34C /* Task.swift */ = {isa = PBXFileReference; lastKnownFileType = sourcecode.swift; path = Task.swift; sourceTree = "<group>"; };
		1546A0292BDA39BA0016C34C /* EditingTaskView.swift */ = {isa = PBXFileReference; lastKnownFileType = sourcecode.swift; path = EditingTaskView.swift; sourceTree = "<group>"; };
		1546A02F2BDA455D0016C34C /* StrikethroughModifier.swift */ = {isa = PBXFileReference; lastKnownFileType = sourcecode.swift; path = StrikethroughModifier.swift; sourceTree = "<group>"; };
		1546A0372BDB2C670016C34C /* TodoWidgetExtension.appex */ = {isa = PBXFileReference; explicitFileType = "wrapper.app-extension"; includeInIndex = 0; path = TodoWidgetExtension.appex; sourceTree = BUILT_PRODUCTS_DIR; };
		1546A0392BDB2C670016C34C /* WidgetKit.framework */ = {isa = PBXFileReference; lastKnownFileType = wrapper.framework; name = WidgetKit.framework; path = System/Library/Frameworks/WidgetKit.framework; sourceTree = SDKROOT; };
		1546A03B2BDB2C670016C34C /* SwiftUI.framework */ = {isa = PBXFileReference; lastKnownFileType = wrapper.framework; name = SwiftUI.framework; path = System/Library/Frameworks/SwiftUI.framework; sourceTree = SDKROOT; };
		1546A03E2BDB2C670016C34C /* TodoWidgetBundle.swift */ = {isa = PBXFileReference; lastKnownFileType = sourcecode.swift; path = TodoWidgetBundle.swift; sourceTree = "<group>"; };
		1546A0402BDB2C670016C34C /* TodoWidget.swift */ = {isa = PBXFileReference; lastKnownFileType = sourcecode.swift; path = TodoWidget.swift; sourceTree = "<group>"; };
		1546A0422BDB2C690016C34C /* Assets.xcassets */ = {isa = PBXFileReference; lastKnownFileType = folder.assetcatalog; path = Assets.xcassets; sourceTree = "<group>"; };
		1546A0442BDB2C690016C34C /* Info.plist */ = {isa = PBXFileReference; lastKnownFileType = text.plist.xml; path = Info.plist; sourceTree = "<group>"; };
		1546A04D2BDB38790016C34C /* TodoWidgetExtensionDebug.entitlements */ = {isa = PBXFileReference; lastKnownFileType = text.plist.entitlements; path = TodoWidgetExtensionDebug.entitlements; sourceTree = "<group>"; };
/* End PBXFileReference section */

/* Begin PBXFrameworksBuildPhase section */
		1546A0112BDA0D720016C34C /* Frameworks */ = {
			isa = PBXFrameworksBuildPhase;
			buildActionMask = 2147483647;
			files = (
			);
			runOnlyForDeploymentPostprocessing = 0;
		};
		1546A0342BDB2C670016C34C /* Frameworks */ = {
			isa = PBXFrameworksBuildPhase;
			buildActionMask = 2147483647;
			files = (
				1546A03C2BDB2C670016C34C /* SwiftUI.framework in Frameworks */,
				1546A03A2BDB2C670016C34C /* WidgetKit.framework in Frameworks */,
			);
			runOnlyForDeploymentPostprocessing = 0;
		};
/* End PBXFrameworksBuildPhase section */

/* Begin PBXGroup section */
		1546A00B2BDA0D720016C34C = {
			isa = PBXGroup;
			children = (
				1546A04D2BDB38790016C34C /* TodoWidgetExtensionDebug.entitlements */,
				1546A0162BDA0D720016C34C /* ToDoListApp */,
				1546A03D2BDB2C670016C34C /* TodoWidget */,
				1546A0382BDB2C670016C34C /* Frameworks */,
				1546A0152BDA0D720016C34C /* Products */,
			);
			sourceTree = "<group>";
		};
		1546A0152BDA0D720016C34C /* Products */ = {
			isa = PBXGroup;
			children = (
				1546A0142BDA0D720016C34C /* ToDoListApp.app */,
				1546A0372BDB2C670016C34C /* TodoWidgetExtension.appex */,
			);
			name = Products;
			sourceTree = "<group>";
		};
		1546A0162BDA0D720016C34C /* ToDoListApp */ = {
			isa = PBXGroup;
			children = (
				1546A0172BDA0D720016C34C /* ToDoListAppApp.swift */,
				1546A02F2BDA455D0016C34C /* StrikethroughModifier.swift */,
				1546A0292BDA39BA0016C34C /* EditingTaskView.swift */,
				1546A0192BDA0D720016C34C /* ContentView.swift */,
				1546A0252BDA0DE90016C34C /* Task.swift */,
				1546A01B2BDA0D760016C34C /* Assets.xcassets */,
				1546A01D2BDA0D760016C34C /* Preview Content */,
			);
			path = ToDoListApp;
			sourceTree = "<group>";
		};
		1546A01D2BDA0D760016C34C /* Preview Content */ = {
			isa = PBXGroup;
			children = (
				1546A01E2BDA0D760016C34C /* Preview Assets.xcassets */,
			);
			path = "Preview Content";
			sourceTree = "<group>";
		};
		1546A0382BDB2C670016C34C /* Frameworks */ = {
			isa = PBXGroup;
			children = (
				1546A0392BDB2C670016C34C /* WidgetKit.framework */,
				1546A03B2BDB2C670016C34C /* SwiftUI.framework */,
			);
			name = Frameworks;
			sourceTree = "<group>";
		};
		1546A03D2BDB2C670016C34C /* TodoWidget */ = {
			isa = PBXGroup;
			children = (
				1546A03E2BDB2C670016C34C /* TodoWidgetBundle.swift */,
				1546A0402BDB2C670016C34C /* TodoWidget.swift */,
				1546A0422BDB2C690016C34C /* Assets.xcassets */,
				1546A0442BDB2C690016C34C /* Info.plist */,
			);
			path = TodoWidget;
			sourceTree = "<group>";
		};
/* End PBXGroup section */

/* Begin PBXNativeTarget section */
		1546A0132BDA0D720016C34C /* ToDoListApp */ = {
			isa = PBXNativeTarget;
			buildConfigurationList = 1546A0222BDA0D770016C34C /* Build configuration list for PBXNativeTarget "ToDoListApp" */;
			buildPhases = (
				1546A0102BDA0D720016C34C /* Sources */,
				1546A0112BDA0D720016C34C /* Frameworks */,
				1546A0122BDA0D720016C34C /* Resources */,
				1546A0482BDB2C690016C34C /* Embed Foundation Extensions */,
			);
			buildRules = (
			);
			dependencies = (
				1546A0462BDB2C690016C34C /* PBXTargetDependency */,
			);
			name = ToDoListApp;
			productName = ToDoListApp;
			productReference = 1546A0142BDA0D720016C34C /* ToDoListApp.app */;
			productType = "com.apple.product-type.application";
		};
		1546A0362BDB2C670016C34C /* TodoWidgetExtension */ = {
			isa = PBXNativeTarget;
			buildConfigurationList = 1546A04B2BDB2C690016C34C /* Build configuration list for PBXNativeTarget "TodoWidgetExtension" */;
			buildPhases = (
				1546A0332BDB2C670016C34C /* Sources */,
				1546A0342BDB2C670016C34C /* Frameworks */,
				1546A0352BDB2C670016C34C /* Resources */,
			);
			buildRules = (
			);
			dependencies = (
			);
			name = TodoWidgetExtension;
			productName = TodoWidgetExtension;
			productReference = 1546A0372BDB2C670016C34C /* TodoWidgetExtension.appex */;
			productType = "com.apple.product-type.app-extension";
		};
/* End PBXNativeTarget section */

/* Begin PBXProject section */
		1546A00C2BDA0D720016C34C /* Project object */ = {
			isa = PBXProject;
			attributes = {
				BuildIndependentTargetsInParallel = 1;
				LastSwiftUpdateCheck = 1530;
				LastUpgradeCheck = 1530;
				TargetAttributes = {
					1546A0132BDA0D720016C34C = {
						CreatedOnToolsVersion = 15.3;
					};
					1546A0362BDB2C670016C34C = {
						CreatedOnToolsVersion = 15.3;
					};
				};
			};
			buildConfigurationList = 1546A00F2BDA0D720016C34C /* Build configuration list for PBXProject "ToDoListApp" */;
			compatibilityVersion = "Xcode 14.0";
			developmentRegion = en;
			hasScannedForEncodings = 0;
			knownRegions = (
				en,
				Base,
			);
			mainGroup = 1546A00B2BDA0D720016C34C;
			productRefGroup = 1546A0152BDA0D720016C34C /* Products */;
			projectDirPath = "";
			projectRoot = "";
			targets = (
				1546A0132BDA0D720016C34C /* ToDoListApp */,
				1546A0362BDB2C670016C34C /* TodoWidgetExtension */,
			);
		};
/* End PBXProject section */

/* Begin PBXResourcesBuildPhase section */
		1546A0122BDA0D720016C34C /* Resources */ = {
			isa = PBXResourcesBuildPhase;
			buildActionMask = 2147483647;
			files = (
				1546A01F2BDA0D760016C34C /* Preview Assets.xcassets in Resources */,
				1546A01C2BDA0D760016C34C /* Assets.xcassets in Resources */,
			);
			runOnlyForDeploymentPostprocessing = 0;
		};
		1546A0352BDB2C670016C34C /* Resources */ = {
			isa = PBXResourcesBuildPhase;
			buildActionMask = 2147483647;
			files = (
				1546A0432BDB2C690016C34C /* Assets.xcassets in Resources */,
			);
			runOnlyForDeploymentPostprocessing = 0;
		};
/* End PBXResourcesBuildPhase section */

/* Begin PBXSourcesBuildPhase section */
		1546A0102BDA0D720016C34C /* Sources */ = {
			isa = PBXSourcesBuildPhase;
			buildActionMask = 2147483647;
			files = (
				1546A01A2BDA0D720016C34C /* ContentView.swift in Sources */,
				1546A0262BDA0DE90016C34C /* Task.swift in Sources */,
				1546A0302BDA455D0016C34C /* StrikethroughModifier.swift in Sources */,
				1546A02A2BDA39BA0016C34C /* EditingTaskView.swift in Sources */,
				1546A0182BDA0D720016C34C /* ToDoListAppApp.swift in Sources */,
			);
			runOnlyForDeploymentPostprocessing = 0;
		};
		1546A0332BDB2C670016C34C /* Sources */ = {
			isa = PBXSourcesBuildPhase;
			buildActionMask = 2147483647;
			files = (
				1546A03F2BDB2C670016C34C /* TodoWidgetBundle.swift in Sources */,
				1546A04C2BDB2CB90016C34C /* Task.swift in Sources */,
				1546A0412BDB2C670016C34C /* TodoWidget.swift in Sources */,
			);
			runOnlyForDeploymentPostprocessing = 0;
		};
/* End PBXSourcesBuildPhase section */

/* Begin PBXTargetDependency section */
		1546A0462BDB2C690016C34C /* PBXTargetDependency */ = {
			isa = PBXTargetDependency;
			target = 1546A0362BDB2C670016C34C /* TodoWidgetExtension */;
			targetProxy = 1546A0452BDB2C690016C34C /* PBXContainerItemProxy */;
		};
/* End PBXTargetDependency section */

/* Begin XCBuildConfiguration section */
		1546A0202BDA0D770016C34C /* Debug */ = {
			isa = XCBuildConfiguration;
			buildSettings = {
				ALWAYS_SEARCH_USER_PATHS = NO;
				ASSETCATALOG_COMPILER_GENERATE_SWIFT_ASSET_SYMBOL_EXTENSIONS = YES;
				CLANG_ANALYZER_NONNULL = YES;
				CLANG_ANALYZER_NUMBER_OBJECT_CONVERSION = YES_AGGRESSIVE;
				CLANG_CXX_LANGUAGE_STANDARD = "gnu++20";
				CLANG_ENABLE_MODULES = YES;
				CLANG_ENABLE_OBJC_ARC = YES;
				CLANG_ENABLE_OBJC_WEAK = YES;
				CLANG_WARN_BLOCK_CAPTURE_AUTORELEASING = YES;
				CLANG_WARN_BOOL_CONVERSION = YES;
				CLANG_WARN_COMMA = YES;
				CLANG_WARN_CONSTANT_CONVERSION = YES;
				CLANG_WARN_DEPRECATED_OBJC_IMPLEMENTATIONS = YES;
				CLANG_WARN_DIRECT_OBJC_ISA_USAGE = YES_ERROR;
				CLANG_WARN_DOCUMENTATION_COMMENTS = YES;
				CLANG_WARN_EMPTY_BODY = YES;
				CLANG_WARN_ENUM_CONVERSION = YES;
				CLANG_WARN_INFINITE_RECURSION = YES;
				CLANG_WARN_INT_CONVERSION = YES;
				CLANG_WARN_NON_LITERAL_NULL_CONVERSION = YES;
				CLANG_WARN_OBJC_IMPLICIT_RETAIN_SELF = YES;
				CLANG_WARN_OBJC_LITERAL_CONVERSION = YES;
				CLANG_WARN_OBJC_ROOT_CLASS = YES_ERROR;
				CLANG_WARN_QUOTED_INCLUDE_IN_FRAMEWORK_HEADER = YES;
				CLANG_WARN_RANGE_LOOP_ANALYSIS = YES;
				CLANG_WARN_STRICT_PROTOTYPES = YES;
				CLANG_WARN_SUSPICIOUS_MOVE = YES;
				CLANG_WARN_UNGUARDED_AVAILABILITY = YES_AGGRESSIVE;
				CLANG_WARN_UNREACHABLE_CODE = YES;
				CLANG_WARN__DUPLICATE_METHOD_MATCH = YES;
				COPY_PHASE_STRIP = NO;
				DEBUG_INFORMATION_FORMAT = dwarf;
				ENABLE_STRICT_OBJC_MSGSEND = YES;
				ENABLE_TESTABILITY = YES;
				ENABLE_USER_SCRIPT_SANDBOXING = YES;
				GCC_C_LANGUAGE_STANDARD = gnu17;
				GCC_DYNAMIC_NO_PIC = NO;
				GCC_NO_COMMON_BLOCKS = YES;
				GCC_OPTIMIZATION_LEVEL = 0;
				GCC_PREPROCESSOR_DEFINITIONS = (
					"DEBUG=1",
					"$(inherited)",
				);
				GCC_WARN_64_TO_32_BIT_CONVERSION = YES;
				GCC_WARN_ABOUT_RETURN_TYPE = YES_ERROR;
				GCC_WARN_UNDECLARED_SELECTOR = YES;
				GCC_WARN_UNINITIALIZED_AUTOS = YES_AGGRESSIVE;
				GCC_WARN_UNUSED_FUNCTION = YES;
				GCC_WARN_UNUSED_VARIABLE = YES;
				IPHONEOS_DEPLOYMENT_TARGET = 17.4;
				LOCALIZATION_PREFERS_STRING_CATALOGS = YES;
				MTL_ENABLE_DEBUG_INFO = INCLUDE_SOURCE;
				MTL_FAST_MATH = YES;
				ONLY_ACTIVE_ARCH = YES;
				SDKROOT = iphoneos;
				SWIFT_ACTIVE_COMPILATION_CONDITIONS = "DEBUG $(inherited)";
				SWIFT_OPTIMIZATION_LEVEL = "-Onone";
			};
			name = Debug;
		};
		1546A0212BDA0D770016C34C /* Release */ = {
			isa = XCBuildConfiguration;
			buildSettings = {
				ALWAYS_SEARCH_USER_PATHS = NO;
				ASSETCATALOG_COMPILER_GENERATE_SWIFT_ASSET_SYMBOL_EXTENSIONS = YES;
				CLANG_ANALYZER_NONNULL = YES;
				CLANG_ANALYZER_NUMBER_OBJECT_CONVERSION = YES_AGGRESSIVE;
				CLANG_CXX_LANGUAGE_STANDARD = "gnu++20";
				CLANG_ENABLE_MODULES = YES;
				CLANG_ENABLE_OBJC_ARC = YES;
				CLANG_ENABLE_OBJC_WEAK = YES;
				CLANG_WARN_BLOCK_CAPTURE_AUTORELEASING = YES;
				CLANG_WARN_BOOL_CONVERSION = YES;
				CLANG_WARN_COMMA = YES;
				CLANG_WARN_CONSTANT_CONVERSION = YES;
				CLANG_WARN_DEPRECATED_OBJC_IMPLEMENTATIONS = YES;
				CLANG_WARN_DIRECT_OBJC_ISA_USAGE = YES_ERROR;
				CLANG_WARN_DOCUMENTATION_COMMENTS = YES;
				CLANG_WARN_EMPTY_BODY = YES;
				CLANG_WARN_ENUM_CONVERSION = YES;
				CLANG_WARN_INFINITE_RECURSION = YES;
				CLANG_WARN_INT_CONVERSION = YES;
				CLANG_WARN_NON_LITERAL_NULL_CONVERSION = YES;
				CLANG_WARN_OBJC_IMPLICIT_RETAIN_SELF = YES;
				CLANG_WARN_OBJC_LITERAL_CONVERSION = YES;
				CLANG_WARN_OBJC_ROOT_CLASS = YES_ERROR;
				CLANG_WARN_QUOTED_INCLUDE_IN_FRAMEWORK_HEADER = YES;
				CLANG_WARN_RANGE_LOOP_ANALYSIS = YES;
				CLANG_WARN_STRICT_PROTOTYPES = YES;
				CLANG_WARN_SUSPICIOUS_MOVE = YES;
				CLANG_WARN_UNGUARDED_AVAILABILITY = YES_AGGRESSIVE;
				CLANG_WARN_UNREACHABLE_CODE = YES;
				CLANG_WARN__DUPLICATE_METHOD_MATCH = YES;
				COPY_PHASE_STRIP = NO;
				DEBUG_INFORMATION_FORMAT = "dwarf-with-dsym";
				ENABLE_NS_ASSERTIONS = NO;
				ENABLE_STRICT_OBJC_MSGSEND = YES;
				ENABLE_USER_SCRIPT_SANDBOXING = YES;
				GCC_C_LANGUAGE_STANDARD = gnu17;
				GCC_NO_COMMON_BLOCKS = YES;
				GCC_WARN_64_TO_32_BIT_CONVERSION = YES;
				GCC_WARN_ABOUT_RETURN_TYPE = YES_ERROR;
				GCC_WARN_UNDECLARED_SELECTOR = YES;
				GCC_WARN_UNINITIALIZED_AUTOS = YES_AGGRESSIVE;
				GCC_WARN_UNUSED_FUNCTION = YES;
				GCC_WARN_UNUSED_VARIABLE = YES;
				IPHONEOS_DEPLOYMENT_TARGET = 17.4;
				LOCALIZATION_PREFERS_STRING_CATALOGS = YES;
				MTL_ENABLE_DEBUG_INFO = NO;
				MTL_FAST_MATH = YES;
				SDKROOT = iphoneos;
				SWIFT_COMPILATION_MODE = wholemodule;
				VALIDATE_PRODUCT = YES;
			};
			name = Release;
		};
		1546A0232BDA0D770016C34C /* Debug */ = {
			isa = XCBuildConfiguration;
			buildSettings = {
				ALWAYS_EMBED_SWIFT_STANDARD_LIBRARIES = YES;
				ASSETCATALOG_COMPILER_APPICON_NAME = AppIcon;
				ASSETCATALOG_COMPILER_GLOBAL_ACCENT_COLOR_NAME = AccentColor;
				CODE_SIGN_STYLE = Automatic;
				CURRENT_PROJECT_VERSION = 1;
				DEVELOPMENT_ASSET_PATHS = "\"ToDoListApp/Preview Content\"";
				ENABLE_PREVIEWS = YES;
				GENERATE_INFOPLIST_FILE = YES;
				INFOPLIST_KEY_UIApplicationSceneManifest_Generation = YES;
				INFOPLIST_KEY_UIApplicationSupportsIndirectInputEvents = YES;
				INFOPLIST_KEY_UILaunchScreen_Generation = YES;
				INFOPLIST_KEY_UISupportedInterfaceOrientations_iPad = "UIInterfaceOrientationPortrait UIInterfaceOrientationPortraitUpsideDown UIInterfaceOrientationLandscapeLeft UIInterfaceOrientationLandscapeRight";
				INFOPLIST_KEY_UISupportedInterfaceOrientations_iPhone = "UIInterfaceOrientationPortrait UIInterfaceOrientationLandscapeLeft UIInterfaceOrientationLandscapeRight";
				LD_RUNPATH_SEARCH_PATHS = (
					"$(inherited)",
					"@executable_path/Frameworks",
				);
				MARKETING_VERSION = 1.0;
				PRODUCT_BUNDLE_IDENTIFIER = me.ToDoListApp;
				PRODUCT_NAME = "$(TARGET_NAME)";
				SWIFT_EMIT_LOC_STRINGS = YES;
				SWIFT_VERSION = 5.0;
				TARGETED_DEVICE_FAMILY = "1,2";
			};
			name = Debug;
		};
		1546A0242BDA0D770016C34C /* Release */ = {
			isa = XCBuildConfiguration;
			buildSettings = {
				ALWAYS_EMBED_SWIFT_STANDARD_LIBRARIES = YES;
				ASSETCATALOG_COMPILER_APPICON_NAME = AppIcon;
				ASSETCATALOG_COMPILER_GLOBAL_ACCENT_COLOR_NAME = AccentColor;
				CODE_SIGN_STYLE = Automatic;
				CURRENT_PROJECT_VERSION = 1;
				DEVELOPMENT_ASSET_PATHS = "\"ToDoListApp/Preview Content\"";
				ENABLE_PREVIEWS = YES;
				GENERATE_INFOPLIST_FILE = YES;
				INFOPLIST_KEY_UIApplicationSceneManifest_Generation = YES;
				INFOPLIST_KEY_UIApplicationSupportsIndirectInputEvents = YES;
				INFOPLIST_KEY_UILaunchScreen_Generation = YES;
				INFOPLIST_KEY_UISupportedInterfaceOrientations_iPad = "UIInterfaceOrientationPortrait UIInterfaceOrientationPortraitUpsideDown UIInterfaceOrientationLandscapeLeft UIInterfaceOrientationLandscapeRight";
				INFOPLIST_KEY_UISupportedInterfaceOrientations_iPhone = "UIInterfaceOrientationPortrait UIInterfaceOrientationLandscapeLeft UIInterfaceOrientationLandscapeRight";
				LD_RUNPATH_SEARCH_PATHS = (
					"$(inherited)",
					"@executable_path/Frameworks",
				);
				MARKETING_VERSION = 1.0;
				PRODUCT_BUNDLE_IDENTIFIER = me.ToDoListApp;
				PRODUCT_NAME = "$(TARGET_NAME)";
				SWIFT_EMIT_LOC_STRINGS = YES;
				SWIFT_VERSION = 5.0;
				TARGETED_DEVICE_FAMILY = "1,2";
			};
			name = Release;
		};
		1546A0492BDB2C690016C34C /* Debug */ = {
			isa = XCBuildConfiguration;
			buildSettings = {
				ASSETCATALOG_COMPILER_GLOBAL_ACCENT_COLOR_NAME = AccentColor;
				ASSETCATALOG_COMPILER_WIDGET_BACKGROUND_COLOR_NAME = WidgetBackground;
				CODE_SIGN_ENTITLEMENTS = TodoWidgetExtensionDebug.entitlements;
				CODE_SIGN_STYLE = Automatic;
				CURRENT_PROJECT_VERSION = 1;
				DEVELOPMENT_TEAM = 4QUWH828P3;
				GENERATE_INFOPLIST_FILE = YES;
				INFOPLIST_FILE = TodoWidget/Info.plist;
				INFOPLIST_KEY_CFBundleDisplayName = TodoWidget;
				INFOPLIST_KEY_NSHumanReadableCopyright = "";
				LD_RUNPATH_SEARCH_PATHS = (
					"$(inherited)",
					"@executable_path/Frameworks",
					"@executable_path/../../Frameworks",
				);
				MARKETING_VERSION = 1.0;
				PRODUCT_BUNDLE_IDENTIFIER = me.ToDoListApp.TodoWidget;
				PRODUCT_NAME = "$(TARGET_NAME)";
				SKIP_INSTALL = YES;
				SWIFT_EMIT_LOC_STRINGS = YES;
				SWIFT_VERSION = 5.0;
				TARGETED_DEVICE_FAMILY = "1,2";
			};
			name = Debug;
		};
		1546A04A2BDB2C690016C34C /* Release */ = {
			isa = XCBuildConfiguration;
			buildSettings = {
				ASSETCATALOG_COMPILER_GLOBAL_ACCENT_COLOR_NAME = AccentColor;
				ASSETCATALOG_COMPILER_WIDGET_BACKGROUND_COLOR_NAME = WidgetBackground;
				CODE_SIGN_STYLE = Automatic;
				CURRENT_PROJECT_VERSION = 1;
				DEVELOPMENT_TEAM = 4QUWH828P3;
				GENERATE_INFOPLIST_FILE = YES;
				INFOPLIST_FILE = TodoWidget/Info.plist;
				INFOPLIST_KEY_CFBundleDisplayName = TodoWidget;
				INFOPLIST_KEY_NSHumanReadableCopyright = "";
				LD_RUNPATH_SEARCH_PATHS = (
					"$(inherited)",
					"@executable_path/Frameworks",
					"@executable_path/../../Frameworks",
				);
				MARKETING_VERSION = 1.0;
				PRODUCT_BUNDLE_IDENTIFIER = me.ToDoListApp.TodoWidget;
				PRODUCT_NAME = "$(TARGET_NAME)";
				SKIP_INSTALL = YES;
				SWIFT_EMIT_LOC_STRINGS = YES;
				SWIFT_VERSION = 5.0;
				TARGETED_DEVICE_FAMILY = "1,2";
			};
			name = Release;
		};
/* End XCBuildConfiguration section */

/* Begin XCConfigurationList section */
		1546A00F2BDA0D720016C34C /* Build configuration list for PBXProject "ToDoListApp" */ = {
			isa = XCConfigurationList;
			buildConfigurations = (
				1546A0202BDA0D770016C34C /* Debug */,
				1546A0212BDA0D770016C34C /* Release */,
			);
			defaultConfigurationIsVisible = 0;
			defaultConfigurationName = Release;
		};
		1546A0222BDA0D770016C34C /* Build configuration list for PBXNativeTarget "ToDoListApp" */ = {
			isa = XCConfigurationList;
			buildConfigurations = (
				1546A0232BDA0D770016C34C /* Debug */,
				1546A0242BDA0D770016C34C /* Release */,
			);
			defaultConfigurationIsVisible = 0;
			defaultConfigurationName = Release;
		};
		1546A04B2BDB2C690016C34C /* Build configuration list for PBXNativeTarget "TodoWidgetExtension" */ = {
			isa = XCConfigurationList;
			buildConfigurations = (
				1546A0492BDB2C690016C34C /* Debug */,
				1546A04A2BDB2C690016C34C /* Release */,
			);
			defaultConfigurationIsVisible = 0;
			defaultConfigurationName = Release;
		};
/* End XCConfigurationList section */
	};
	rootObject = 1546A00C2BDA0D720016C34C /* Project object */;
}
